
Microsoft Visual Studio Solution File, Format Version 12.00
# Visual Studio Version 17
VisualStudioVersion = 17.0.32002.185
MinimumVisualStudioVersion = 10.0.40219.1
Project("{9A19103F-16F7-4668-BE54-9A1E7A4F7556}") = "TiklaGelsinAPI", "TiklaGelsinAPI\TiklaGelsinAPI.csproj", "{806C1DE4-76DA-4E34-BE4B-BF30C510A241}"
EndProject
Project("{2150E333-8FDC-42A3-9474-1A3956D46DE8}") = "Solution Items", "Solution Items", "{72F5C489-5AC3-4F78-819F-C13615D143BC}"
	ProjectSection(SolutionItems) = preProject
		Docker-compose.yml = Docker-compose.yml
		DockerFile = DockerFile
		readme.md = readme.md
	EndProjectSection
EndProject
Global
	GlobalSection(SolutionConfigurationPlatforms) = preSolution
		Debug|Any CPU = Debug|Any CPU
		Release|Any CPU = Release|Any CPU
	EndGlobalSection
	GlobalSection(ProjectConfigurationPlatforms) = postSolution
		{806C1DE4-76DA-4E34-BE4B-BF30C510A241}.Debug|Any CPU.ActiveCfg = Debug|Any CPU
		{806C1DE4-76DA-4E34-BE4B-BF30C510A241}.Debug|Any CPU.Build.0 = Debug|Any CPU
		{806C1DE4-76DA-4E34-BE4B-BF30C510A241}.Release|Any CPU.ActiveCfg = Release|Any CPU
		{806C1DE4-76DA-4E34-BE4B-BF30C510A241}.Release|Any CPU.Build.0 = Release|Any CPU
	EndGlobalSection
	GlobalSection(SolutionProperties) = preSolution
		HideSolutionNode = FALSE
	EndGlobalSection
	GlobalSection(ExtensibilityGlobals) = postSolution
		SolutionGuid = {641DDFAE-72AB-4E9D-946B-5F88BB26D576}
	EndGlobalSection
EndGlobal
